
Microsoft Visual Studio Solution File, Format Version 12.00
# Visual Studio Version 17
VisualStudioVersion = 17.8.34408.163
MinimumVisualStudioVersion = 10.0.40219.1
Project("{FAE04EC0-301F-11D3-BF4B-00C04F79EFBC}") = "WebApplication1", "WebApplication1\WebApplication1.csproj", "{113D9860-1569-45B1-83F4-E5CBA6CD2DB6}"
EndProject
Global
	GlobalSection(SolutionConfigurationPlatforms) = preSolution
		Debug|Any CPU = Debug|Any CPU
		Release|Any CPU = Release|Any CPU
	EndGlobalSection
	GlobalSection(ProjectConfigurationPlatforms) = postSolution
		{113D9860-1569-45B1-83F4-E5CBA6CD2DB6}.Debug|Any CPU.ActiveCfg = Debug|Any CPU
		{113D9860-1569-45B1-83F4-E5CBA6CD2DB6}.Debug|Any CPU.Build.0 = Debug|Any CPU
		{113D9860-1569-45B1-83F4-E5CBA6CD2DB6}.Release|Any CPU.ActiveCfg = Release|Any CPU
		{113D9860-1569-45B1-83F4-E5CBA6CD2DB6}.Release|Any CPU.Build.0 = Release|Any CPU
	EndGlobalSection
	GlobalSection(SolutionProperties) = preSolution
		HideSolutionNode = FALSE
	EndGlobalSection
	GlobalSection(ExtensibilityGlobals) = postSolution
		SolutionGuid = {FB3E72C1-ABBE-47A1-AE29-E32AA5170B06}
	EndGlobalSection
EndGlobal
